
Microsoft Visual Studio Solution File, Format Version 12.00
# Visual Studio Version 17
VisualStudioVersion = 17.9.34728.123
MinimumVisualStudioVersion = 10.0.40219.1
Project("{9A19103F-16F7-4668-BE54-9A1E7A4F7556}") = "WebSell.WebAPI", "WebSell.WebAPI\WebSell.WebAPI.csproj", "{611E9ADD-9CD8-4CF1-A793-450C8CF7E5E1}"
EndProject
Project("{2150E333-8FDC-42A3-9474-1A3956D46DE8}") = "Services", "Services", "{F54DF13C-4B61-4D37-820F-987568E5B42C}"
EndProject
Project("{2150E333-8FDC-42A3-9474-1A3956D46DE8}") = "Order", "Order", "{4FFCC680-D578-45AF-B1A6-7903C978DB03}"
EndProject
Project("{2150E333-8FDC-42A3-9474-1A3956D46DE8}") = "Product", "Product", "{2ED083DB-5049-44E8-9A51-2FB892D0591C}"
EndProject
Project("{2150E333-8FDC-42A3-9474-1A3956D46DE8}") = "Auth", "Auth", "{9352A649-6A10-44A8-AC46-154732895108}"
EndProject
Project("{2150E333-8FDC-42A3-9474-1A3956D46DE8}") = "Shipping", "Shipping", "{1F10CBAF-96FD-4A20-A6CF-DC2521954A9C}"
EndProject
Project("{2150E333-8FDC-42A3-9474-1A3956D46DE8}") = "Promotion", "Promotion", "{66797A8A-E1B7-4AA5-94EF-029516FD1FC8}"
EndProject
Project("{2150E333-8FDC-42A3-9474-1A3956D46DE8}") = "Content", "Content", "{7EC8D8C5-FDB9-46A8-A1CE-F730F931FF48}"
EndProject
Project("{2150E333-8FDC-42A3-9474-1A3956D46DE8}") = "Notification", "Notification", "{2959BF51-CF2F-4BBD-A221-D029767A4FD4}"
EndProject
Project("{2150E333-8FDC-42A3-9474-1A3956D46DE8}") = "ReportingAndAnalytics", "ReportingAndAnalytics", "{9DC2BD0E-EE8E-4E0A-A5C7-703873D4881B}"
EndProject
Project("{2150E333-8FDC-42A3-9474-1A3956D46DE8}") = "Shared", "Shared", "{7ADDFB7A-522D-47C2-9C38-AEDF0D3A5F83}"
EndProject
Project("{9A19103F-16F7-4668-BE54-9A1E7A4F7556}") = "WS.Auth.Domain", "Services\Auth\WS.Auth.Domain\WS.Auth.Domain.csproj", "{A8C319A2-6D42-4500-8F06-C47B4FA76002}"
EndProject
Project("{9A19103F-16F7-4668-BE54-9A1E7A4F7556}") = "WS.Auth.ApplicationService", "Services\Auth\WS.Auth.ApplicationService\WS.Auth.ApplicationService.csproj", "{00C03CE2-0781-47AE-80EA-4CD9D5122CAC}"
EndProject
Project("{9A19103F-16F7-4668-BE54-9A1E7A4F7556}") = "WS.Auth.Infrastructures", "Services\Auth\WS.Auth.Infrastructures\WS.Auth.Infrastructures.csproj", "{4AB20244-3A10-412C-8E44-225EDEC189B8}"
EndProject
Project("{9A19103F-16F7-4668-BE54-9A1E7A4F7556}") = "WS.Auth.Dtos", "Services\Auth\WS.Auth.Dtos\WS.Auth.Dtos.csproj", "{B08C8E7A-9704-4F54-9B8B-D51B2922E9DD}"
EndProject
Project("{9A19103F-16F7-4668-BE54-9A1E7A4F7556}") = "WS.Product.Domain", "Services\Product\WS.Product.Domain\WS.Product.Domain.csproj", "{62795F9F-25A3-4454-8C6F-A231FFD6E561}"
EndProject
Project("{9A19103F-16F7-4668-BE54-9A1E7A4F7556}") = "WS.Product.Dtos", "Services\Product\WS.Product.Dtos\WS.Product.Dtos.csproj", "{05DFA48A-4DBA-4741-AEE6-FA27FE300D16}"
EndProject
Project("{9A19103F-16F7-4668-BE54-9A1E7A4F7556}") = "WS.Product.ApplicationService", "Services\Product\WS.Product.ApplicationService\WS.Product.ApplicationService.csproj", "{9FA35690-545A-4D72-B6F4-1C9CBD155865}"
EndProject
Project("{9A19103F-16F7-4668-BE54-9A1E7A4F7556}") = "WS.Shared.ApplicationService", "Services\Shared\WS.Shared.ApplicationService\WS.Shared.ApplicationService.csproj", "{90E37C61-9E32-4227-9385-68F344C4B099}"
EndProject
Project("{9A19103F-16F7-4668-BE54-9A1E7A4F7556}") = "WS.Product.Infrastructures", "Services\Product\WS.Product.Infrastructures\WS.Product.Infrastructures.csproj", "{5C6BC98B-BEF1-450B-BA29-3C1AFBB32124}"
EndProject
Project("{FAE04EC0-301F-11D3-BF4B-00C04F79EFBC}") = "WS.Shared.Constant", "Services\Shared\WS.Shared.Constant\WS.Shared.Constant.csproj", "{A78D631A-458D-436A-BAB2-16FC2945377D}"
EndProject
Global
	GlobalSection(SolutionConfigurationPlatforms) = preSolution
		Debug|Any CPU = Debug|Any CPU
		Release|Any CPU = Release|Any CPU
	EndGlobalSection
	GlobalSection(ProjectConfigurationPlatforms) = postSolution
		{611E9ADD-9CD8-4CF1-A793-450C8CF7E5E1}.Debug|Any CPU.ActiveCfg = Debug|Any CPU
		{611E9ADD-9CD8-4CF1-A793-450C8CF7E5E1}.Debug|Any CPU.Build.0 = Debug|Any CPU
		{611E9ADD-9CD8-4CF1-A793-450C8CF7E5E1}.Release|Any CPU.ActiveCfg = Release|Any CPU
		{611E9ADD-9CD8-4CF1-A793-450C8CF7E5E1}.Release|Any CPU.Build.0 = Release|Any CPU
		{A8C319A2-6D42-4500-8F06-C47B4FA76002}.Debug|Any CPU.ActiveCfg = Debug|Any CPU
		{A8C319A2-6D42-4500-8F06-C47B4FA76002}.Debug|Any CPU.Build.0 = Debug|Any CPU
		{A8C319A2-6D42-4500-8F06-C47B4FA76002}.Release|Any CPU.ActiveCfg = Release|Any CPU
		{A8C319A2-6D42-4500-8F06-C47B4FA76002}.Release|Any CPU.Build.0 = Release|Any CPU
		{00C03CE2-0781-47AE-80EA-4CD9D5122CAC}.Debug|Any CPU.ActiveCfg = Debug|Any CPU
		{00C03CE2-0781-47AE-80EA-4CD9D5122CAC}.Debug|Any CPU.Build.0 = Debug|Any CPU
		{00C03CE2-0781-47AE-80EA-4CD9D5122CAC}.Release|Any CPU.ActiveCfg = Release|Any CPU
		{00C03CE2-0781-47AE-80EA-4CD9D5122CAC}.Release|Any CPU.Build.0 = Release|Any CPU
		{4AB20244-3A10-412C-8E44-225EDEC189B8}.Debug|Any CPU.ActiveCfg = Debug|Any CPU
		{4AB20244-3A10-412C-8E44-225EDEC189B8}.Debug|Any CPU.Build.0 = Debug|Any CPU
		{4AB20244-3A10-412C-8E44-225EDEC189B8}.Release|Any CPU.ActiveCfg = Release|Any CPU
		{4AB20244-3A10-412C-8E44-225EDEC189B8}.Release|Any CPU.Build.0 = Release|Any CPU
		{B08C8E7A-9704-4F54-9B8B-D51B2922E9DD}.Debug|Any CPU.ActiveCfg = Debug|Any CPU
		{B08C8E7A-9704-4F54-9B8B-D51B2922E9DD}.Debug|Any CPU.Build.0 = Debug|Any CPU
		{B08C8E7A-9704-4F54-9B8B-D51B2922E9DD}.Release|Any CPU.ActiveCfg = Release|Any CPU
		{B08C8E7A-9704-4F54-9B8B-D51B2922E9DD}.Release|Any CPU.Build.0 = Release|Any CPU
		{62795F9F-25A3-4454-8C6F-A231FFD6E561}.Debug|Any CPU.ActiveCfg = Debug|Any CPU
		{62795F9F-25A3-4454-8C6F-A231FFD6E561}.Debug|Any CPU.Build.0 = Debug|Any CPU
		{62795F9F-25A3-4454-8C6F-A231FFD6E561}.Release|Any CPU.ActiveCfg = Release|Any CPU
		{62795F9F-25A3-4454-8C6F-A231FFD6E561}.Release|Any CPU.Build.0 = Release|Any CPU
		{05DFA48A-4DBA-4741-AEE6-FA27FE300D16}.Debug|Any CPU.ActiveCfg = Debug|Any CPU
		{05DFA48A-4DBA-4741-AEE6-FA27FE300D16}.Debug|Any CPU.Build.0 = Debug|Any CPU
		{05DFA48A-4DBA-4741-AEE6-FA27FE300D16}.Release|Any CPU.ActiveCfg = Release|Any CPU
		{05DFA48A-4DBA-4741-AEE6-FA27FE300D16}.Release|Any CPU.Build.0 = Release|Any CPU
		{9FA35690-545A-4D72-B6F4-1C9CBD155865}.Debug|Any CPU.ActiveCfg = Debug|Any CPU
		{9FA35690-545A-4D72-B6F4-1C9CBD155865}.Debug|Any CPU.Build.0 = Debug|Any CPU
		{9FA35690-545A-4D72-B6F4-1C9CBD155865}.Release|Any CPU.ActiveCfg = Release|Any CPU
		{9FA35690-545A-4D72-B6F4-1C9CBD155865}.Release|Any CPU.Build.0 = Release|Any CPU
		{90E37C61-9E32-4227-9385-68F344C4B099}.Debug|Any CPU.ActiveCfg = Debug|Any CPU
		{90E37C61-9E32-4227-9385-68F344C4B099}.Debug|Any CPU.Build.0 = Debug|Any CPU
		{90E37C61-9E32-4227-9385-68F344C4B099}.Release|Any CPU.ActiveCfg = Release|Any CPU
		{90E37C61-9E32-4227-9385-68F344C4B099}.Release|Any CPU.Build.0 = Release|Any CPU
		{5C6BC98B-BEF1-450B-BA29-3C1AFBB32124}.Debug|Any CPU.ActiveCfg = Debug|Any CPU
		{5C6BC98B-BEF1-450B-BA29-3C1AFBB32124}.Debug|Any CPU.Build.0 = Debug|Any CPU
		{5C6BC98B-BEF1-450B-BA29-3C1AFBB32124}.Release|Any CPU.ActiveCfg = Release|Any CPU
		{5C6BC98B-BEF1-450B-BA29-3C1AFBB32124}.Release|Any CPU.Build.0 = Release|Any CPU
		{A78D631A-458D-436A-BAB2-16FC2945377D}.Debug|Any CPU.ActiveCfg = Debug|Any CPU
		{A78D631A-458D-436A-BAB2-16FC2945377D}.Debug|Any CPU.Build.0 = Debug|Any CPU
		{A78D631A-458D-436A-BAB2-16FC2945377D}.Release|Any CPU.ActiveCfg = Release|Any CPU
		{A78D631A-458D-436A-BAB2-16FC2945377D}.Release|Any CPU.Build.0 = Release|Any CPU
	EndGlobalSection
	GlobalSection(SolutionProperties) = preSolution
		HideSolutionNode = FALSE
	EndGlobalSection
	GlobalSection(NestedProjects) = preSolution
		{4FFCC680-D578-45AF-B1A6-7903C978DB03} = {F54DF13C-4B61-4D37-820F-987568E5B42C}
		{2ED083DB-5049-44E8-9A51-2FB892D0591C} = {F54DF13C-4B61-4D37-820F-987568E5B42C}
		{9352A649-6A10-44A8-AC46-154732895108} = {F54DF13C-4B61-4D37-820F-987568E5B42C}
		{1F10CBAF-96FD-4A20-A6CF-DC2521954A9C} = {F54DF13C-4B61-4D37-820F-987568E5B42C}
		{66797A8A-E1B7-4AA5-94EF-029516FD1FC8} = {F54DF13C-4B61-4D37-820F-987568E5B42C}
		{7EC8D8C5-FDB9-46A8-A1CE-F730F931FF48} = {F54DF13C-4B61-4D37-820F-987568E5B42C}
		{2959BF51-CF2F-4BBD-A221-D029767A4FD4} = {F54DF13C-4B61-4D37-820F-987568E5B42C}
		{9DC2BD0E-EE8E-4E0A-A5C7-703873D4881B} = {F54DF13C-4B61-4D37-820F-987568E5B42C}
		{7ADDFB7A-522D-47C2-9C38-AEDF0D3A5F83} = {F54DF13C-4B61-4D37-820F-987568E5B42C}
		{A8C319A2-6D42-4500-8F06-C47B4FA76002} = {9352A649-6A10-44A8-AC46-154732895108}
		{00C03CE2-0781-47AE-80EA-4CD9D5122CAC} = {9352A649-6A10-44A8-AC46-154732895108}
		{4AB20244-3A10-412C-8E44-225EDEC189B8} = {9352A649-6A10-44A8-AC46-154732895108}
		{B08C8E7A-9704-4F54-9B8B-D51B2922E9DD} = {9352A649-6A10-44A8-AC46-154732895108}
		{62795F9F-25A3-4454-8C6F-A231FFD6E561} = {2ED083DB-5049-44E8-9A51-2FB892D0591C}
		{05DFA48A-4DBA-4741-AEE6-FA27FE300D16} = {2ED083DB-5049-44E8-9A51-2FB892D0591C}
		{9FA35690-545A-4D72-B6F4-1C9CBD155865} = {2ED083DB-5049-44E8-9A51-2FB892D0591C}
		{90E37C61-9E32-4227-9385-68F344C4B099} = {7ADDFB7A-522D-47C2-9C38-AEDF0D3A5F83}
		{5C6BC98B-BEF1-450B-BA29-3C1AFBB32124} = {2ED083DB-5049-44E8-9A51-2FB892D0591C}
		{A78D631A-458D-436A-BAB2-16FC2945377D} = {7ADDFB7A-522D-47C2-9C38-AEDF0D3A5F83}
	EndGlobalSection
	GlobalSection(ExtensibilityGlobals) = postSolution
		SolutionGuid = {17406B4D-031B-45A2-95D7-2F1E649C0493}
	EndGlobalSection
EndGlobal
